// !$*UTF8*$!
{
	archiveVersion = 1;
	classes = {
	};
	objectVersion = 46;
	objects = {

/* Begin PBXBuildFile section */
		18C11BD21DC18E5E00195494 /* main.m in Sources */ = {isa = PBXBuildFile; fileRef = 18C11BD11DC18E5E00195494 /* main.m */; };
		18C11BD51DC18E5E00195494 /* AppDelegate.m in Sources */ = {isa = PBXBuildFile; fileRef = 18C11BD41DC18E5E00195494 /* AppDelegate.m */; };
		18C11BD81DC18E5E00195494 /* ViewController.m in Sources */ = {isa = PBXBuildFile; fileRef = 18C11BD71DC18E5E00195494 /* ViewController.m */; };
		18C11BDB1DC18E5E00195494 /* Main.storyboard in Resources */ = {isa = PBXBuildFile; fileRef = 18C11BD91DC18E5E00195494 /* Main.storyboard */; };
		18C11BDD1DC18E5E00195494 /* Assets.xcassets in Resources */ = {isa = PBXBuildFile; fileRef = 18C11BDC1DC18E5E00195494 /* Assets.xcassets */; };
		18C11BE01DC18E5E00195494 /* LaunchScreen.storyboard in Resources */ = {isa = PBXBuildFile; fileRef = 18C11BDE1DC18E5E00195494 /* LaunchScreen.storyboard */; };
		18C11BEA1DC18F4000195494 /* LZBLoadingAnimation.m in Sources */ = {isa = PBXBuildFile; fileRef = 18C11BE91DC18F4000195494 /* LZBLoadingAnimation.m */; };
		18C11BED1DC18F5400195494 /* LZBLoadingView.m in Sources */ = {isa = PBXBuildFile; fileRef = 18C11BEC1DC18F5400195494 /* LZBLoadingView.m */; };
/* End PBXBuildFile section */

/* Begin PBXFileReference section */
		18C11BCD1DC18E5E00195494 /* LZBLoadingAnimation.app */ = {isa = PBXFileReference; explicitFileType = wrapper.application; includeInIndex = 0; path = LZBLoadingAnimation.app; sourceTree = BUILT_PRODUCTS_DIR; };
		18C11BD11DC18E5E00195494 /* main.m */ = {isa = PBXFileReference; lastKnownFileType = sourcecode.c.objc; path = main.m; sourceTree = "<group>"; };
		18C11BD31DC18E5E00195494 /* AppDelegate.h */ = {isa = PBXFileReference; lastKnownFileType = sourcecode.c.h; path = AppDelegate.h; sourceTree = "<group>"; };
		18C11BD41DC18E5E00195494 /* AppDelegate.m */ = {isa = PBXFileReference; lastKnownFileType = sourcecode.c.objc; path = AppDelegate.m; sourceTree = "<group>"; };
		18C11BD61DC18E5E00195494 /* ViewController.h */ = {isa = PBXFileReference; lastKnownFileType = sourcecode.c.h; path = ViewController.h; sourceTree = "<group>"; };
		18C11BD71DC18E5E00195494 /* ViewController.m */ = {isa = PBXFileReference; lastKnownFileType = sourcecode.c.objc; path = ViewController.m; sourceTree = "<group>"; };
		18C11BDA1DC18E5E00195494 /* Base */ = {isa = PBXFileReference; lastKnownFileType = file.storyboard; name = Base; path = Base.lproj/Main.storyboard; sourceTree = "<group>"; };
		18C11BDC1DC18E5E00195494 /* Assets.xcassets */ = {isa = PBXFileReference; lastKnownFileType = folder.assetcatalog; path = Assets.xcassets; sourceTree = "<group>"; };
		18C11BDF1DC18E5E00195494 /* Base */ = {isa = PBXFileReference; lastKnownFileType = file.storyboard; name = Base; path = Base.lproj/LaunchScreen.storyboard; sourceTree = "<group>"; };
		18C11BE11DC18E5E00195494 /* Info.plist */ = {isa = PBXFileReference; lastKnownFileType = text.plist.xml; path = Info.plist; sourceTree = "<group>"; };
		18C11BE81DC18F4000195494 /* LZBLoadingAnimation.h */ = {isa = PBXFileReference; fileEncoding = 4; lastKnownFileType = sourcecode.c.h; path = LZBLoadingAnimation.h; sourceTree = "<group>"; };
		18C11BE91DC18F4000195494 /* LZBLoadingAnimation.m */ = {isa = PBXFileReference; fileEncoding = 4; lastKnownFileType = sourcecode.c.objc; path = LZBLoadingAnimation.m; sourceTree = "<group>"; };
		18C11BEB1DC18F5400195494 /* LZBLoadingView.h */ = {isa = PBXFileReference; fileEncoding = 4; lastKnownFileType = sourcecode.c.h; path = LZBLoadingView.h; sourceTree = "<group>"; };
		18C11BEC1DC18F5400195494 /* LZBLoadingView.m */ = {isa = PBXFileReference; fileEncoding = 4; lastKnownFileType = sourcecode.c.objc; path = LZBLoadingView.m; sourceTree = "<group>"; };
/* End PBXFileReference section */

/* Begin PBXFrameworksBuildPhase section */
		18C11BCA1DC18E5E00195494 /* Frameworks */ = {
			isa = PBXFrameworksBuildPhase;
			buildActionMask = 2147483647;
			files = (
			);
			runOnlyForDeploymentPostprocessing = 0;
		};
/* End PBXFrameworksBuildPhase section */

/* Begin PBXGroup section */
		18C11BC41DC18E5E00195494 = {
			isa = PBXGroup;
			children = (
				18C11BCF1DC18E5E00195494 /* LZBLoadingAnimation */,
				18C11BCE1DC18E5E00195494 /* Products */,
			);
			sourceTree = "<group>";
		};
		18C11BCE1DC18E5E00195494 /* Products */ = {
			isa = PBXGroup;
			children = (
				18C11BCD1DC18E5E00195494 /* LZBLoadingAnimation.app */,
			);
			name = Products;
			sourceTree = "<group>";
		};
		18C11BCF1DC18E5E00195494 /* LZBLoadingAnimation */ = {
			isa = PBXGroup;
			children = (
				18C11BE71DC18EB000195494 /* Tool */,
				18C11BD31DC18E5E00195494 /* AppDelegate.h */,
				18C11BD41DC18E5E00195494 /* AppDelegate.m */,
				18C11BD61DC18E5E00195494 /* ViewController.h */,
				18C11BD71DC18E5E00195494 /* ViewController.m */,
				18C11BD91DC18E5E00195494 /* Main.storyboard */,
				18C11BDC1DC18E5E00195494 /* Assets.xcassets */,
				18C11BDE1DC18E5E00195494 /* LaunchScreen.storyboard */,
				18C11BE11DC18E5E00195494 /* Info.plist */,
				18C11BD01DC18E5E00195494 /* Supporting Files */,
			);
			path = LZBLoadingAnimation;
			sourceTree = "<group>";
		};
		18C11BD01DC18E5E00195494 /* Supporting Files */ = {
			isa = PBXGroup;
			children = (
				18C11BD11DC18E5E00195494 /* main.m */,
			);
			name = "Supporting Files";
			sourceTree = "<group>";
		};
		18C11BE71DC18EB000195494 /* Tool */ = {
			isa = PBXGroup;
			children = (
				18C11BE81DC18F4000195494 /* LZBLoadingAnimation.h */,
				18C11BE91DC18F4000195494 /* LZBLoadingAnimation.m */,
				18C11BEB1DC18F5400195494 /* LZBLoadingView.h */,
				18C11BEC1DC18F5400195494 /* LZBLoadingView.m */,
			);
			path = Tool;
			sourceTree = "<group>";
		};
/* End PBXGroup section */

/* Begin PBXNativeTarget section */
		18C11BCC1DC18E5E00195494 /* LZBLoadingAnimation */ = {
			isa = PBXNativeTarget;
			buildConfigurationList = 18C11BE41DC18E5E00195494 /* Build configuration list for PBXNativeTarget "LZBLoadingAnimation" */;
			buildPhases = (
				18C11BC91DC18E5E00195494 /* Sources */,
				18C11BCA1DC18E5E00195494 /* Frameworks */,
				18C11BCB1DC18E5E00195494 /* Resources */,
			);
			buildRules = (
			);
			dependencies = (
			);
			name = LZBLoadingAnimation;
			productName = LZBLoadingAnimation;
			productReference = 18C11BCD1DC18E5E00195494 /* LZBLoadingAnimation.app */;
			productType = "com.apple.product-type.application";
		};
/* End PBXNativeTarget section */

/* Begin PBXProject section */
		18C11BC51DC18E5E00195494 /* Project object */ = {
			isa = PBXProject;
			attributes = {
				LastUpgradeCheck = 0800;
				ORGANIZATIONNAME = apple;
				TargetAttributes = {
					18C11BCC1DC18E5E00195494 = {
						CreatedOnToolsVersion = 8.0;
						ProvisioningStyle = Automatic;
					};
				};
			};
			buildConfigurationList = 18C11BC81DC18E5E00195494 /* Build configuration list for PBXProject "LZBLoadingAnimation" */;
			compatibilityVersion = "Xcode 3.2";
			developmentRegion = English;
			hasScannedForEncodings = 0;
			knownRegions = (
				en,
				Base,
			);
			mainGroup = 18C11BC41DC18E5E00195494;
			productRefGroup = 18C11BCE1DC18E5E00195494 /* Products */;
			projectDirPath = "";
			projectRoot = "";
			targets = (
				18C11BCC1DC18E5E00195494 /* LZBLoadingAnimation */,
			);
		};
/* End PBXProject section */

/* Begin PBXResourcesBuildPhase section */
		18C11BCB1DC18E5E00195494 /* Resources */ = {
			isa = PBXResourcesBuildPhase;
			buildActionMask = 2147483647;
			files = (
				18C11BE01DC18E5E00195494 /* LaunchScreen.storyboard in Resources */,
				18C11BDD1DC18E5E00195494 /* Assets.xcassets in Resources */,
				18C11BDB1DC18E5E00195494 /* Main.storyboard in Resources */,
			);
			runOnlyForDeploymentPostprocessing = 0;
		};
/* End PBXResourcesBuildPhase section */

/* Begin PBXSourcesBuildPhase section */
		18C11BC91DC18E5E00195494 /* Sources */ = {
			isa = PBXSourcesBuildPhase;
			buildActionMask = 2147483647;
			files = (
				18C11BD81DC18E5E00195494 /* ViewController.m in Sources */,
				18C11BD51DC18E5E00195494 /* AppDelegate.m in Sources */,
				18C11BEA1DC18F4000195494 /* LZBLoadingAnimation.m in Sources */,
				18C11BD21DC18E5E00195494 /* main.m in Sources */,
				18C11BED1DC18F5400195494 /* LZBLoadingView.m in Sources */,
			);
			runOnlyForDeploymentPostprocessing = 0;
		};
/* End PBXSourcesBuildPhase section */

/* Begin PBXVariantGroup section */
		18C11BD91DC18E5E00195494 /* Main.storyboard */ = {
			isa = PBXVariantGroup;
			children = (
				18C11BDA1DC18E5E00195494 /* Base */,
			);
			name = Main.storyboard;
			sourceTree = "<group>";
		};
		18C11BDE1DC18E5E00195494 /* LaunchScreen.storyboard */ = {
			isa = PBXVariantGroup;
			children = (
				18C11BDF1DC18E5E00195494 /* Base */,
			);
			name = LaunchScreen.storyboard;
			sourceTree = "<group>";
		};
/* End PBXVariantGroup section */

/* Begin XCBuildConfiguration section */
		18C11BE21DC18E5E00195494 /* Debug */ = {
			isa = XCBuildConfiguration;
			buildSettings = {
				ALWAYS_SEARCH_USER_PATHS = NO;
				CLANG_ANALYZER_NONNULL = YES;
				CLANG_CXX_LANGUAGE_STANDARD = "gnu++0x";
				CLANG_CXX_LIBRARY = "libc++";
				CLANG_ENABLE_MODULES = YES;
				CLANG_ENABLE_OBJC_ARC = YES;
				CLANG_WARN_BOOL_CONVERSION = YES;
				CLANG_WARN_CONSTANT_CONVERSION = YES;
				CLANG_WARN_DIRECT_OBJC_ISA_USAGE = YES_ERROR;
				CLANG_WARN_DOCUMENTATION_COMMENTS = YES;
				CLANG_WARN_EMPTY_BODY = YES;
				CLANG_WARN_ENUM_CONVERSION = YES;
				CLANG_WARN_INFINITE_RECURSION = YES;
				CLANG_WARN_INT_CONVERSION = YES;
				CLANG_WARN_OBJC_ROOT_CLASS = YES_ERROR;
				CLANG_WARN_SUSPICIOUS_MOVES = YES;
				CLANG_WARN_UNREACHABLE_CODE = YES;
				CLANG_WARN__DUPLICATE_METHOD_MATCH = YES;
				"CODE_SIGN_IDENTITY[sdk=iphoneos*]" = "iPhone Developer";
				COPY_PHASE_STRIP = NO;
				DEBUG_INFORMATION_FORMAT = dwarf;
				ENABLE_STRICT_OBJC_MSGSEND = YES;
				ENABLE_TESTABILITY = YES;
				GCC_C_LANGUAGE_STANDARD = gnu99;
				GCC_DYNAMIC_NO_PIC = NO;
				GCC_NO_COMMON_BLOCKS = YES;
				GCC_OPTIMIZATION_LEVEL = 0;
				GCC_PREPROCESSOR_DEFINITIONS = (
					"DEBUG=1",
					"$(inherited)",
				);
				GCC_WARN_64_TO_32_BIT_CONVERSION = YES;
				GCC_WARN_ABOUT_RETURN_TYPE = YES_ERROR;
				GCC_WARN_UNDECLARED_SELECTOR = YES;
				GCC_WARN_UNINITIALIZED_AUTOS = YES_AGGRESSIVE;
				GCC_WARN_UNUSED_FUNCTION = YES;
				GCC_WARN_UNUSED_VARIABLE = YES;
				IPHONEOS_DEPLOYMENT_TARGET = 10.0;
				MTL_ENABLE_DEBUG_INFO = YES;
				ONLY_ACTIVE_ARCH = YES;
				SDKROOT = iphoneos;
			};
			name = Debug;
		};
		18C11BE31DC18E5E00195494 /* Release */ = {
			isa = XCBuildConfiguration;
			buildSettings = {
				ALWAYS_SEARCH_USER_PATHS = NO;
				CLANG_ANALYZER_NONNULL = YES;
				CLANG_CXX_LANGUAGE_STANDARD = "gnu++0x";
				CLANG_CXX_LIBRARY = "libc++";
				CLANG_ENABLE_MODULES = YES;
				CLANG_ENABLE_OBJC_ARC = YES;
				CLANG_WARN_BOOL_CONVERSION = YES;
				CLANG_WARN_CONSTANT_CONVERSION = YES;
				CLANG_WARN_DIRECT_OBJC_ISA_USAGE = YES_ERROR;
				CLANG_WARN_DOCUMENTATION_COMMENTS = YES;
				CLANG_WARN_EMPTY_BODY = YES;
				CLANG_WARN_ENUM_CONVERSION = YES;
				CLANG_WARN_INFINITE_RECURSION = YES;
				CLANG_WARN_INT_CONVERSION = YES;
				CLANG_WARN_OBJC_ROOT_CLASS = YES_ERROR;
				CLANG_WARN_SUSPICIOUS_MOVES = YES;
				CLANG_WARN_UNREACHABLE_CODE = YES;
				CLANG_WARN__DUPLICATE_METHOD_MATCH = YES;
				"CODE_SIGN_IDENTITY[sdk=iphoneos*]" = "iPhone Developer";
				COPY_PHASE_STRIP = NO;
				DEBUG_INFORMATION_FORMAT = "dwarf-with-dsym";
				ENABLE_NS_ASSERTIONS = NO;
				ENABLE_STRICT_OBJC_MSGSEND = YES;
				GCC_C_LANGUAGE_STANDARD = gnu99;
				GCC_NO_COMMON_BLOCKS = YES;
				GCC_WARN_64_TO_32_BIT_CONVERSION = YES;
				GCC_WARN_ABOUT_RETURN_TYPE = YES_ERROR;
				GCC_WARN_UNDECLARED_SELECTOR = YES;
				GCC_WARN_UNINITIALIZED_AUTOS = YES_AGGRESSIVE;
				GCC_WARN_UNUSED_FUNCTION = YES;
				GCC_WARN_UNUSED_VARIABLE = YES;
				IPHONEOS_DEPLOYMENT_TARGET = 10.0;
				MTL_ENABLE_DEBUG_INFO = NO;
				SDKROOT = iphoneos;
				VALIDATE_PRODUCT = YES;
			};
			name = Release;
		};
		18C11BE51DC18E5E00195494 /* Debug */ = {
			isa = XCBuildConfiguration;
			buildSettings = {
				ASSETCATALOG_COMPILER_APPICON_NAME = AppIcon;
				INFOPLIST_FILE = LZBLoadingAnimation/Info.plist;
				LD_RUNPATH_SEARCH_PATHS = "$(inherited) @executable_path/Frameworks";
				PRODUCT_BUNDLE_IDENTIFIER = "-23334.LZBLoadingAnimation";
				PRODUCT_NAME = "$(TARGET_NAME)";
			};
			name = Debug;
		};
		18C11BE61DC18E5E00195494 /* Release */ = {
			isa = XCBuildConfiguration;
			buildSettings = {
				ASSETCATALOG_COMPILER_APPICON_NAME = AppIcon;
				INFOPLIST_FILE = LZBLoadingAnimation/Info.plist;
				LD_RUNPATH_SEARCH_PATHS = "$(inherited) @executable_path/Frameworks";
				PRODUCT_BUNDLE_IDENTIFIER = "-23334.LZBLoadingAnimation";
				PRODUCT_NAME = "$(TARGET_NAME)";
			};
			name = Release;
		};
/* End XCBuildConfiguration section */

/* Begin XCConfigurationList section */
		18C11BC81DC18E5E00195494 /* Build configuration list for PBXProject "LZBLoadingAnimation" */ = {
			isa = XCConfigurationList;
			buildConfigurations = (
				18C11BE21DC18E5E00195494 /* Debug */,
				18C11BE31DC18E5E00195494 /* Release */,
			);
			defaultConfigurationIsVisible = 0;
			defaultConfigurationName = Release;
		};
		18C11BE41DC18E5E00195494 /* Build configuration list for PBXNativeTarget "LZBLoadingAnimation" */ = {
			isa = XCConfigurationList;
			buildConfigurations = (
				18C11BE51DC18E5E00195494 /* Debug */,
				18C11BE61DC18E5E00195494 /* Release */,
			);
			defaultConfigurationIsVisible = 0;
		};
/* End XCConfigurationList section */
	};
	rootObject = 18C11BC51DC18E5E00195494 /* Project object */;
}
